// !$*UTF8*$!
{
	archiveVersion = 1;
	classes = {
	};
	objectVersion = 56;
	objects = {

/* Begin PBXBuildFile section */
		0AD74798299A76A000E92FD4 /* GameOfFifteenApp.swift in Sources */ = {isa = PBXBuildFile; fileRef = 0AD74797299A76A000E92FD4 /* GameOfFifteenApp.swift */; };
		0AD7479C299A76A200E92FD4 /* Assets.xcassets in Resources */ = {isa = PBXBuildFile; fileRef = 0AD7479B299A76A200E92FD4 /* Assets.xcassets */; };
		0AD7479F299A76A200E92FD4 /* Preview Assets.xcassets in Resources */ = {isa = PBXBuildFile; fileRef = 0AD7479E299A76A200E92FD4 /* Preview Assets.xcassets */; };
		0AD747CA299A7D7900E92FD4 /* HapticFeedback.swift in Sources */ = {isa = PBXBuildFile; fileRef = 0AD747C2299A7D7900E92FD4 /* HapticFeedback.swift */; };
		0AD747CB299A7D7900E92FD4 /* FifteenGameViewModel.swift in Sources */ = {isa = PBXBuildFile; fileRef = 0AD747C3299A7D7900E92FD4 /* FifteenGameViewModel.swift */; };
		0AD747CC299A7D7900E92FD4 /* FifteenGameView+CellView.swift in Sources */ = {isa = PBXBuildFile; fileRef = 0AD747C4299A7D7900E92FD4 /* FifteenGameView+CellView.swift */; };
		0AD747CD299A7D7900E92FD4 /* FifteenGameModel.swift in Sources */ = {isa = PBXBuildFile; fileRef = 0AD747C6299A7D7900E92FD4 /* FifteenGameModel.swift */; };
		0AD747CE299A7D7900E92FD4 /* GameTimer.swift in Sources */ = {isa = PBXBuildFile; fileRef = 0AD747C7299A7D7900E92FD4 /* GameTimer.swift */; };
		0AD747CF299A7D7900E92FD4 /* GameTimerProtocol.swift in Sources */ = {isa = PBXBuildFile; fileRef = 0AD747C8299A7D7900E92FD4 /* GameTimerProtocol.swift */; };
		0AD747D0299A7D7900E92FD4 /* FifteenGameView.swift in Sources */ = {isa = PBXBuildFile; fileRef = 0AD747C9299A7D7900E92FD4 /* FifteenGameView.swift */; };
		0AD747D6299B4F4A00E92FD4 /* FifteenGameLogicMock.swift in Sources */ = {isa = PBXBuildFile; fileRef = 0AD747D2299B4F4A00E92FD4 /* FifteenGameLogicMock.swift */; };
		0AD747D7299B4F4A00E92FD4 /* FifteenGameViewModelTests.swift in Sources */ = {isa = PBXBuildFile; fileRef = 0AD747D3299B4F4A00E92FD4 /* FifteenGameViewModelTests.swift */; };
		0AD747D8299B4F4A00E92FD4 /* FifteenGameModelTests.swift in Sources */ = {isa = PBXBuildFile; fileRef = 0AD747D4299B4F4A00E92FD4 /* FifteenGameModelTests.swift */; };
		0AD747D9299B4F4A00E92FD4 /* GameTimerMock.swift in Sources */ = {isa = PBXBuildFile; fileRef = 0AD747D5299B4F4A00E92FD4 /* GameTimerMock.swift */; };
		0AD747DB299B4FF700E92FD4 /* HapticFeedbackMock.swift in Sources */ = {isa = PBXBuildFile; fileRef = 0AD747DA299B4FF700E92FD4 /* HapticFeedbackMock.swift */; };
		0AD747DD299B65A300E92FD4 /* RandomNumberGenerator.swift in Sources */ = {isa = PBXBuildFile; fileRef = 0AD747DC299B65A200E92FD4 /* RandomNumberGenerator.swift */; };
		0AD747DF299B691700E92FD4 /* RandomGeneratorMock.swift in Sources */ = {isa = PBXBuildFile; fileRef = 0AD747DE299B691700E92FD4 /* RandomGeneratorMock.swift */; };
/* End PBXBuildFile section */

/* Begin PBXContainerItemProxy section */
		0AD747A5299A76A200E92FD4 /* PBXContainerItemProxy */ = {
			isa = PBXContainerItemProxy;
			containerPortal = 0AD7478C299A76A000E92FD4 /* Project object */;
			proxyType = 1;
			remoteGlobalIDString = 0AD74793299A76A000E92FD4;
			remoteInfo = GameOfFifteen;
		};
/* End PBXContainerItemProxy section */

/* Begin PBXFileReference section */
		0AD74794299A76A000E92FD4 /* GameOfFifteen.app */ = {isa = PBXFileReference; explicitFileType = wrapper.application; includeInIndex = 0; path = GameOfFifteen.app; sourceTree = BUILT_PRODUCTS_DIR; };
		0AD74797299A76A000E92FD4 /* GameOfFifteenApp.swift */ = {isa = PBXFileReference; lastKnownFileType = sourcecode.swift; path = GameOfFifteenApp.swift; sourceTree = "<group>"; };
		0AD7479B299A76A200E92FD4 /* Assets.xcassets */ = {isa = PBXFileReference; lastKnownFileType = folder.assetcatalog; path = Assets.xcassets; sourceTree = "<group>"; };
		0AD7479E299A76A200E92FD4 /* Preview Assets.xcassets */ = {isa = PBXFileReference; lastKnownFileType = folder.assetcatalog; path = "Preview Assets.xcassets"; sourceTree = "<group>"; };
		0AD747A4299A76A200E92FD4 /* GameOfFifteenTests.xctest */ = {isa = PBXFileReference; explicitFileType = wrapper.cfbundle; includeInIndex = 0; path = GameOfFifteenTests.xctest; sourceTree = BUILT_PRODUCTS_DIR; };
		0AD747C2299A7D7900E92FD4 /* HapticFeedback.swift */ = {isa = PBXFileReference; fileEncoding = 4; lastKnownFileType = sourcecode.swift; path = HapticFeedback.swift; sourceTree = "<group>"; };
		0AD747C3299A7D7900E92FD4 /* FifteenGameViewModel.swift */ = {isa = PBXFileReference; fileEncoding = 4; lastKnownFileType = sourcecode.swift; path = FifteenGameViewModel.swift; sourceTree = "<group>"; };
		0AD747C4299A7D7900E92FD4 /* FifteenGameView+CellView.swift */ = {isa = PBXFileReference; fileEncoding = 4; lastKnownFileType = sourcecode.swift; path = "FifteenGameView+CellView.swift"; sourceTree = "<group>"; };
		0AD747C6299A7D7900E92FD4 /* FifteenGameModel.swift */ = {isa = PBXFileReference; fileEncoding = 4; lastKnownFileType = sourcecode.swift; path = FifteenGameModel.swift; sourceTree = "<group>"; };
		0AD747C7299A7D7900E92FD4 /* GameTimer.swift */ = {isa = PBXFileReference; fileEncoding = 4; lastKnownFileType = sourcecode.swift; path = GameTimer.swift; sourceTree = "<group>"; };
		0AD747C8299A7D7900E92FD4 /* GameTimerProtocol.swift */ = {isa = PBXFileReference; fileEncoding = 4; lastKnownFileType = sourcecode.swift; path = GameTimerProtocol.swift; sourceTree = "<group>"; };
		0AD747C9299A7D7900E92FD4 /* FifteenGameView.swift */ = {isa = PBXFileReference; fileEncoding = 4; lastKnownFileType = sourcecode.swift; path = FifteenGameView.swift; sourceTree = "<group>"; };
		0AD747D1299AA1E700E92FD4 /* Info.plist */ = {isa = PBXFileReference; lastKnownFileType = text.plist; path = Info.plist; sourceTree = "<group>"; };
		0AD747D2299B4F4A00E92FD4 /* FifteenGameLogicMock.swift */ = {isa = PBXFileReference; fileEncoding = 4; lastKnownFileType = sourcecode.swift; path = FifteenGameLogicMock.swift; sourceTree = "<group>"; };
		0AD747D3299B4F4A00E92FD4 /* FifteenGameViewModelTests.swift */ = {isa = PBXFileReference; fileEncoding = 4; lastKnownFileType = sourcecode.swift; path = FifteenGameViewModelTests.swift; sourceTree = "<group>"; };
		0AD747D4299B4F4A00E92FD4 /* FifteenGameModelTests.swift */ = {isa = PBXFileReference; fileEncoding = 4; lastKnownFileType = sourcecode.swift; path = FifteenGameModelTests.swift; sourceTree = "<group>"; };
		0AD747D5299B4F4A00E92FD4 /* GameTimerMock.swift */ = {isa = PBXFileReference; fileEncoding = 4; lastKnownFileType = sourcecode.swift; path = GameTimerMock.swift; sourceTree = "<group>"; };
		0AD747DA299B4FF700E92FD4 /* HapticFeedbackMock.swift */ = {isa = PBXFileReference; lastKnownFileType = sourcecode.swift; path = HapticFeedbackMock.swift; sourceTree = "<group>"; };
		0AD747DC299B65A200E92FD4 /* RandomNumberGenerator.swift */ = {isa = PBXFileReference; lastKnownFileType = sourcecode.swift; path = RandomNumberGenerator.swift; sourceTree = "<group>"; };
		0AD747DE299B691700E92FD4 /* RandomGeneratorMock.swift */ = {isa = PBXFileReference; lastKnownFileType = sourcecode.swift; path = RandomGeneratorMock.swift; sourceTree = "<group>"; };
/* End PBXFileReference section */

/* Begin PBXFrameworksBuildPhase section */
		0AD74791299A76A000E92FD4 /* Frameworks */ = {
			isa = PBXFrameworksBuildPhase;
			buildActionMask = 2147483647;
			files = (
			);
			runOnlyForDeploymentPostprocessing = 0;
		};
		0AD747A1299A76A200E92FD4 /* Frameworks */ = {
			isa = PBXFrameworksBuildPhase;
			buildActionMask = 2147483647;
			files = (
			);
			runOnlyForDeploymentPostprocessing = 0;
		};
/* End PBXFrameworksBuildPhase section */

/* Begin PBXGroup section */
		0AD7478B299A76A000E92FD4 = {
			isa = PBXGroup;
			children = (
				0AD74796299A76A000E92FD4 /* GameOfFifteen */,
				0AD747A7299A76A200E92FD4 /* GameOfFifteenTests */,
				0AD74795299A76A000E92FD4 /* Products */,
			);
			sourceTree = "<group>";
		};
		0AD74795299A76A000E92FD4 /* Products */ = {
			isa = PBXGroup;
			children = (
				0AD74794299A76A000E92FD4 /* GameOfFifteen.app */,
				0AD747A4299A76A200E92FD4 /* GameOfFifteenTests.xctest */,
			);
			name = Products;
			sourceTree = "<group>";
		};
		0AD74796299A76A000E92FD4 /* GameOfFifteen */ = {
			isa = PBXGroup;
			children = (
				0AD747C5299A7D7900E92FD4 /* GameLogic */,
				0AD747C9299A7D7900E92FD4 /* FifteenGameView.swift */,
				0AD747C4299A7D7900E92FD4 /* FifteenGameView+CellView.swift */,
				0AD747C3299A7D7900E92FD4 /* FifteenGameViewModel.swift */,
				0AD74797299A76A000E92FD4 /* GameOfFifteenApp.swift */,
				0AD747D1299AA1E700E92FD4 /* Info.plist */,
				0AD7479B299A76A200E92FD4 /* Assets.xcassets */,
				0AD7479D299A76A200E92FD4 /* Preview Content */,
			);
			path = GameOfFifteen;
			sourceTree = "<group>";
		};
		0AD7479D299A76A200E92FD4 /* Preview Content */ = {
			isa = PBXGroup;
			children = (
				0AD7479E299A76A200E92FD4 /* Preview Assets.xcassets */,
			);
			path = "Preview Content";
			sourceTree = "<group>";
		};
		0AD747A7299A76A200E92FD4 /* GameOfFifteenTests */ = {
			isa = PBXGroup;
			children = (
				0AD747D4299B4F4A00E92FD4 /* FifteenGameModelTests.swift */,
				0AD747D3299B4F4A00E92FD4 /* FifteenGameViewModelTests.swift */,
				0AD747D2299B4F4A00E92FD4 /* FifteenGameLogicMock.swift */,
				0AD747D5299B4F4A00E92FD4 /* GameTimerMock.swift */,
				0AD747DA299B4FF700E92FD4 /* HapticFeedbackMock.swift */,
				0AD747DE299B691700E92FD4 /* RandomGeneratorMock.swift */,
			);
			path = GameOfFifteenTests;
			sourceTree = "<group>";
		};
		0AD747C1299A7D7900E92FD4 /* HapticFeedback */ = {
			isa = PBXGroup;
			children = (
				0AD747C2299A7D7900E92FD4 /* HapticFeedback.swift */,
			);
			path = HapticFeedback;
			sourceTree = "<group>";
		};
		0AD747C5299A7D7900E92FD4 /* GameLogic */ = {
			isa = PBXGroup;
			children = (
				0AD747C1299A7D7900E92FD4 /* HapticFeedback */,
				0AD747C6299A7D7900E92FD4 /* FifteenGameModel.swift */,
				0AD747C7299A7D7900E92FD4 /* GameTimer.swift */,
				0AD747C8299A7D7900E92FD4 /* GameTimerProtocol.swift */,
				0AD747DC299B65A200E92FD4 /* RandomNumberGenerator.swift */,
			);
			path = GameLogic;
			sourceTree = "<group>";
		};
/* End PBXGroup section */

/* Begin PBXNativeTarget section */
		0AD74793299A76A000E92FD4 /* GameOfFifteen */ = {
			isa = PBXNativeTarget;
			buildConfigurationList = 0AD747B8299A76A200E92FD4 /* Build configuration list for PBXNativeTarget "GameOfFifteen" */;
			buildPhases = (
				0AD74790299A76A000E92FD4 /* Sources */,
				0AD74791299A76A000E92FD4 /* Frameworks */,
				0AD74792299A76A000E92FD4 /* Resources */,
			);
			buildRules = (
			);
			dependencies = (
			);
			name = GameOfFifteen;
			productName = GameOfFifteen;
			productReference = 0AD74794299A76A000E92FD4 /* GameOfFifteen.app */;
			productType = "com.apple.product-type.application";
		};
		0AD747A3299A76A200E92FD4 /* GameOfFifteenTests */ = {
			isa = PBXNativeTarget;
			buildConfigurationList = 0AD747BB299A76A200E92FD4 /* Build configuration list for PBXNativeTarget "GameOfFifteenTests" */;
			buildPhases = (
				0AD747A0299A76A200E92FD4 /* Sources */,
				0AD747A1299A76A200E92FD4 /* Frameworks */,
				0AD747A2299A76A200E92FD4 /* Resources */,
			);
			buildRules = (
			);
			dependencies = (
				0AD747A6299A76A200E92FD4 /* PBXTargetDependency */,
			);
			name = GameOfFifteenTests;
			productName = GameOfFifteenTests;
			productReference = 0AD747A4299A76A200E92FD4 /* GameOfFifteenTests.xctest */;
			productType = "com.apple.product-type.bundle.unit-test";
		};
/* End PBXNativeTarget section */

/* Begin PBXProject section */
		0AD7478C299A76A000E92FD4 /* Project object */ = {
			isa = PBXProject;
			attributes = {
				BuildIndependentTargetsInParallel = 1;
				LastSwiftUpdateCheck = 1410;
				LastUpgradeCheck = 1410;
				TargetAttributes = {
					0AD74793299A76A000E92FD4 = {
						CreatedOnToolsVersion = 14.1;
					};
					0AD747A3299A76A200E92FD4 = {
						CreatedOnToolsVersion = 14.1;
						LastSwiftMigration = 1410;
						TestTargetID = 0AD74793299A76A000E92FD4;
					};
				};
			};
			buildConfigurationList = 0AD7478F299A76A000E92FD4 /* Build configuration list for PBXProject "GameOfFifteen" */;
			compatibilityVersion = "Xcode 14.0";
			developmentRegion = en;
			hasScannedForEncodings = 0;
			knownRegions = (
				en,
				Base,
			);
			mainGroup = 0AD7478B299A76A000E92FD4;
			productRefGroup = 0AD74795299A76A000E92FD4 /* Products */;
			projectDirPath = "";
			projectRoot = "";
			targets = (
				0AD74793299A76A000E92FD4 /* GameOfFifteen */,
				0AD747A3299A76A200E92FD4 /* GameOfFifteenTests */,
			);
		};
/* End PBXProject section */

/* Begin PBXResourcesBuildPhase section */
		0AD74792299A76A000E92FD4 /* Resources */ = {
			isa = PBXResourcesBuildPhase;
			buildActionMask = 2147483647;
			files = (
				0AD7479F299A76A200E92FD4 /* Preview Assets.xcassets in Resources */,
				0AD7479C299A76A200E92FD4 /* Assets.xcassets in Resources */,
			);
			runOnlyForDeploymentPostprocessing = 0;
		};
		0AD747A2299A76A200E92FD4 /* Resources */ = {
			isa = PBXResourcesBuildPhase;
			buildActionMask = 2147483647;
			files = (
			);
			runOnlyForDeploymentPostprocessing = 0;
		};
/* End PBXResourcesBuildPhase section */

/* Begin PBXSourcesBuildPhase section */
		0AD74790299A76A000E92FD4 /* Sources */ = {
			isa = PBXSourcesBuildPhase;
			buildActionMask = 2147483647;
			files = (
				0AD747CC299A7D7900E92FD4 /* FifteenGameView+CellView.swift in Sources */,
				0AD747CB299A7D7900E92FD4 /* FifteenGameViewModel.swift in Sources */,
				0AD747D0299A7D7900E92FD4 /* FifteenGameView.swift in Sources */,
				0AD747CE299A7D7900E92FD4 /* GameTimer.swift in Sources */,
				0AD74798299A76A000E92FD4 /* GameOfFifteenApp.swift in Sources */,
				0AD747CA299A7D7900E92FD4 /* HapticFeedback.swift in Sources */,
				0AD747CD299A7D7900E92FD4 /* FifteenGameModel.swift in Sources */,
				0AD747CF299A7D7900E92FD4 /* GameTimerProtocol.swift in Sources */,
				0AD747DD299B65A300E92FD4 /* RandomNumberGenerator.swift in Sources */,
			);
			runOnlyForDeploymentPostprocessing = 0;
		};
		0AD747A0299A76A200E92FD4 /* Sources */ = {
			isa = PBXSourcesBuildPhase;
			buildActionMask = 2147483647;
			files = (
				0AD747D7299B4F4A00E92FD4 /* FifteenGameViewModelTests.swift in Sources */,
				0AD747D6299B4F4A00E92FD4 /* FifteenGameLogicMock.swift in Sources */,
				0AD747DF299B691700E92FD4 /* RandomGeneratorMock.swift in Sources */,
				0AD747DB299B4FF700E92FD4 /* HapticFeedbackMock.swift in Sources */,
				0AD747D8299B4F4A00E92FD4 /* FifteenGameModelTests.swift in Sources */,
				0AD747D9299B4F4A00E92FD4 /* GameTimerMock.swift in Sources */,
			);
			runOnlyForDeploymentPostprocessing = 0;
		};
/* End PBXSourcesBuildPhase section */

/* Begin PBXTargetDependency section */
		0AD747A6299A76A200E92FD4 /* PBXTargetDependency */ = {
			isa = PBXTargetDependency;
			target = 0AD74793299A76A000E92FD4 /* GameOfFifteen */;
			targetProxy = 0AD747A5299A76A200E92FD4 /* PBXContainerItemProxy */;
		};
/* End PBXTargetDependency section */

/* Begin XCBuildConfiguration section */
		0AD747B6299A76A200E92FD4 /* Debug */ = {
			isa = XCBuildConfiguration;
			buildSettings = {
				ALWAYS_SEARCH_USER_PATHS = NO;
				CLANG_ANALYZER_NONNULL = YES;
				CLANG_ANALYZER_NUMBER_OBJECT_CONVERSION = YES_AGGRESSIVE;
				CLANG_CXX_LANGUAGE_STANDARD = "gnu++20";
				CLANG_ENABLE_MODULES = YES;
				CLANG_ENABLE_OBJC_ARC = YES;
				CLANG_ENABLE_OBJC_WEAK = YES;
				CLANG_WARN_BLOCK_CAPTURE_AUTORELEASING = YES;
				CLANG_WARN_BOOL_CONVERSION = YES;
				CLANG_WARN_COMMA = YES;
				CLANG_WARN_CONSTANT_CONVERSION = YES;
				CLANG_WARN_DEPRECATED_OBJC_IMPLEMENTATIONS = YES;
				CLANG_WARN_DIRECT_OBJC_ISA_USAGE = YES_ERROR;
				CLANG_WARN_DOCUMENTATION_COMMENTS = YES;
				CLANG_WARN_EMPTY_BODY = YES;
				CLANG_WARN_ENUM_CONVERSION = YES;
				CLANG_WARN_INFINITE_RECURSION = YES;
				CLANG_WARN_INT_CONVERSION = YES;
				CLANG_WARN_NON_LITERAL_NULL_CONVERSION = YES;
				CLANG_WARN_OBJC_IMPLICIT_RETAIN_SELF = YES;
				CLANG_WARN_OBJC_LITERAL_CONVERSION = YES;
				CLANG_WARN_OBJC_ROOT_CLASS = YES_ERROR;
				CLANG_WARN_QUOTED_INCLUDE_IN_FRAMEWORK_HEADER = YES;
				CLANG_WARN_RANGE_LOOP_ANALYSIS = YES;
				CLANG_WARN_STRICT_PROTOTYPES = YES;
				CLANG_WARN_SUSPICIOUS_MOVE = YES;
				CLANG_WARN_UNGUARDED_AVAILABILITY = YES_AGGRESSIVE;
				CLANG_WARN_UNREACHABLE_CODE = YES;
				CLANG_WARN__DUPLICATE_METHOD_MATCH = YES;
				COPY_PHASE_STRIP = NO;
				DEBUG_INFORMATION_FORMAT = dwarf;
				ENABLE_STRICT_OBJC_MSGSEND = YES;
				ENABLE_TESTABILITY = YES;
				GCC_C_LANGUAGE_STANDARD = gnu11;
				GCC_DYNAMIC_NO_PIC = NO;
				GCC_NO_COMMON_BLOCKS = YES;
				GCC_OPTIMIZATION_LEVEL = 0;
				GCC_PREPROCESSOR_DEFINITIONS = (
					"DEBUG=1",
					"$(inherited)",
				);
				GCC_WARN_64_TO_32_BIT_CONVERSION = YES;
				GCC_WARN_ABOUT_RETURN_TYPE = YES_ERROR;
				GCC_WARN_UNDECLARED_SELECTOR = YES;
				GCC_WARN_UNINITIALIZED_AUTOS = YES_AGGRESSIVE;
				GCC_WARN_UNUSED_FUNCTION = YES;
				GCC_WARN_UNUSED_VARIABLE = YES;
				IPHONEOS_DEPLOYMENT_TARGET = 16.1;
				MTL_ENABLE_DEBUG_INFO = INCLUDE_SOURCE;
				MTL_FAST_MATH = YES;
				ONLY_ACTIVE_ARCH = YES;
				SDKROOT = iphoneos;
				SWIFT_ACTIVE_COMPILATION_CONDITIONS = DEBUG;
				SWIFT_OPTIMIZATION_LEVEL = "-Onone";
			};
			name = Debug;
		};
		0AD747B7299A76A200E92FD4 /* Release */ = {
			isa = XCBuildConfiguration;
			buildSettings = {
				ALWAYS_SEARCH_USER_PATHS = NO;
				CLANG_ANALYZER_NONNULL = YES;
				CLANG_ANALYZER_NUMBER_OBJECT_CONVERSION = YES_AGGRESSIVE;
				CLANG_CXX_LANGUAGE_STANDARD = "gnu++20";
				CLANG_ENABLE_MODULES = YES;
				CLANG_ENABLE_OBJC_ARC = YES;
				CLANG_ENABLE_OBJC_WEAK = YES;
				CLANG_WARN_BLOCK_CAPTURE_AUTORELEASING = YES;
				CLANG_WARN_BOOL_CONVERSION = YES;
				CLANG_WARN_COMMA = YES;
				CLANG_WARN_CONSTANT_CONVERSION = YES;
				CLANG_WARN_DEPRECATED_OBJC_IMPLEMENTATIONS = YES;
				CLANG_WARN_DIRECT_OBJC_ISA_USAGE = YES_ERROR;
				CLANG_WARN_DOCUMENTATION_COMMENTS = YES;
				CLANG_WARN_EMPTY_BODY = YES;
				CLANG_WARN_ENUM_CONVERSION = YES;
				CLANG_WARN_INFINITE_RECURSION = YES;
				CLANG_WARN_INT_CONVERSION = YES;
				CLANG_WARN_NON_LITERAL_NULL_CONVERSION = YES;
				CLANG_WARN_OBJC_IMPLICIT_RETAIN_SELF = YES;
				CLANG_WARN_OBJC_LITERAL_CONVERSION = YES;
				CLANG_WARN_OBJC_ROOT_CLASS = YES_ERROR;
				CLANG_WARN_QUOTED_INCLUDE_IN_FRAMEWORK_HEADER = YES;
				CLANG_WARN_RANGE_LOOP_ANALYSIS = YES;
				CLANG_WARN_STRICT_PROTOTYPES = YES;
				CLANG_WARN_SUSPICIOUS_MOVE = YES;
				CLANG_WARN_UNGUARDED_AVAILABILITY = YES_AGGRESSIVE;
				CLANG_WARN_UNREACHABLE_CODE = YES;
				CLANG_WARN__DUPLICATE_METHOD_MATCH = YES;
				COPY_PHASE_STRIP = NO;
				DEBUG_INFORMATION_FORMAT = "dwarf-with-dsym";
				ENABLE_NS_ASSERTIONS = NO;
				ENABLE_STRICT_OBJC_MSGSEND = YES;
				GCC_C_LANGUAGE_STANDARD = gnu11;
				GCC_NO_COMMON_BLOCKS = YES;
				GCC_WARN_64_TO_32_BIT_CONVERSION = YES;
				GCC_WARN_ABOUT_RETURN_TYPE = YES_ERROR;
				GCC_WARN_UNDECLARED_SELECTOR = YES;
				GCC_WARN_UNINITIALIZED_AUTOS = YES_AGGRESSIVE;
				GCC_WARN_UNUSED_FUNCTION = YES;
				GCC_WARN_UNUSED_VARIABLE = YES;
				IPHONEOS_DEPLOYMENT_TARGET = 16.1;
				MTL_ENABLE_DEBUG_INFO = NO;
				MTL_FAST_MATH = YES;
				SDKROOT = iphoneos;
				SWIFT_COMPILATION_MODE = wholemodule;
				SWIFT_OPTIMIZATION_LEVEL = "-O";
				VALIDATE_PRODUCT = YES;
			};
			name = Release;
		};
		0AD747B9299A76A200E92FD4 /* Debug */ = {
			isa = XCBuildConfiguration;
			buildSettings = {
				ASSETCATALOG_COMPILER_APPICON_NAME = AppIcon;
				ASSETCATALOG_COMPILER_GLOBAL_ACCENT_COLOR_NAME = AccentColor;
				CODE_SIGN_STYLE = Automatic;
				CURRENT_PROJECT_VERSION = 1;
				DEVELOPMENT_ASSET_PATHS = "\"GameOfFifteen/Preview Content\"";
				DEVELOPMENT_TEAM = "";
				ENABLE_PREVIEWS = YES;
				GENERATE_INFOPLIST_FILE = YES;
				INFOPLIST_FILE = GameOfFifteen/Info.plist;
				INFOPLIST_KEY_LSApplicationCategoryType = "public.app-category.puzzle-games";
				INFOPLIST_KEY_UIApplicationSupportsIndirectInputEvents = YES;
				INFOPLIST_KEY_UILaunchScreen_Generation = YES;
				INFOPLIST_KEY_UISupportedInterfaceOrientations_iPad = "UIInterfaceOrientationPortrait UIInterfaceOrientationPortraitUpsideDown UIInterfaceOrientationLandscapeLeft UIInterfaceOrientationLandscapeRight";
				INFOPLIST_KEY_UISupportedInterfaceOrientations_iPhone = "UIInterfaceOrientationPortrait UIInterfaceOrientationLandscapeLeft UIInterfaceOrientationLandscapeRight";
				IPHONEOS_DEPLOYMENT_TARGET = 15.0;
				LD_RUNPATH_SEARCH_PATHS = (
					"$(inherited)",
					"@executable_path/Frameworks",
				);
				MARKETING_VERSION = 1.0;
				PRODUCT_BUNDLE_IDENTIFIER = Dmitry.GameOfFifteen;
				PRODUCT_NAME = "$(TARGET_NAME)";
				SUPPORTED_PLATFORMS = "iphoneos iphonesimulator";
				SUPPORTS_MACCATALYST = NO;
				SUPPORTS_MAC_DESIGNED_FOR_IPHONE_IPAD = NO;
				SWIFT_EMIT_LOC_STRINGS = YES;
				SWIFT_VERSION = 5.0;
				TARGETED_DEVICE_FAMILY = "1,2";
			};
			name = Debug;
		};
		0AD747BA299A76A200E92FD4 /* Release */ = {
			isa = XCBuildConfiguration;
			buildSettings = {
				ASSETCATALOG_COMPILER_APPICON_NAME = AppIcon;
				ASSETCATALOG_COMPILER_GLOBAL_ACCENT_COLOR_NAME = AccentColor;
				CODE_SIGN_STYLE = Automatic;
				CURRENT_PROJECT_VERSION = 1;
				DEVELOPMENT_ASSET_PATHS = "\"GameOfFifteen/Preview Content\"";
				DEVELOPMENT_TEAM = "";
				ENABLE_PREVIEWS = YES;
				GENERATE_INFOPLIST_FILE = YES;
				INFOPLIST_FILE = GameOfFifteen/Info.plist;
				INFOPLIST_KEY_LSApplicationCategoryType = "public.app-category.puzzle-games";
				INFOPLIST_KEY_UIApplicationSupportsIndirectInputEvents = YES;
				INFOPLIST_KEY_UILaunchScreen_Generation = YES;
				INFOPLIST_KEY_UISupportedInterfaceOrientations_iPad = "UIInterfaceOrientationPortrait UIInterfaceOrientationPortraitUpsideDown UIInterfaceOrientationLandscapeLeft UIInterfaceOrientationLandscapeRight";
				INFOPLIST_KEY_UISupportedInterfaceOrientations_iPhone = "UIInterfaceOrientationPortrait UIInterfaceOrientationLandscapeLeft UIInterfaceOrientationLandscapeRight";
				IPHONEOS_DEPLOYMENT_TARGET = 15.0;
				LD_RUNPATH_SEARCH_PATHS = (
					"$(inherited)",
					"@executable_path/Frameworks",
				);
				MARKETING_VERSION = 1.0;
				PRODUCT_BUNDLE_IDENTIFIER = Dmitry.GameOfFifteen;
				PRODUCT_NAME = "$(TARGET_NAME)";
				SUPPORTED_PLATFORMS = "iphoneos iphonesimulator";
				SUPPORTS_MACCATALYST = NO;
				SUPPORTS_MAC_DESIGNED_FOR_IPHONE_IPAD = NO;
				SWIFT_EMIT_LOC_STRINGS = YES;
				SWIFT_VERSION = 5.0;
				TARGETED_DEVICE_FAMILY = "1,2";
			};
			name = Release;
		};
		0AD747BC299A76A200E92FD4 /* Debug */ = {
			isa = XCBuildConfiguration;
			buildSettings = {
				ALWAYS_EMBED_SWIFT_STANDARD_LIBRARIES = YES;
				BUNDLE_LOADER = "$(TEST_HOST)";
				CLANG_ENABLE_MODULES = YES;
				CODE_SIGN_STYLE = Automatic;
				CURRENT_PROJECT_VERSION = 1;
				GENERATE_INFOPLIST_FILE = YES;
				IPHONEOS_DEPLOYMENT_TARGET = 16.1;
				LD_RUNPATH_SEARCH_PATHS = (
					"$(inherited)",
					"@executable_path/Frameworks",
					"@loader_path/Frameworks",
				);
				MARKETING_VERSION = 1.0;
				PRODUCT_BUNDLE_IDENTIFIER = Dmitry.GameOfFifteenTests;
				PRODUCT_NAME = "$(TARGET_NAME)";
				SWIFT_EMIT_LOC_STRINGS = NO;
				SWIFT_OPTIMIZATION_LEVEL = "-Onone";
				SWIFT_VERSION = 5.0;
				TARGETED_DEVICE_FAMILY = "1,2";
				TEST_HOST = "$(BUILT_PRODUCTS_DIR)/GameOfFifteen.app/$(BUNDLE_EXECUTABLE_FOLDER_PATH)/GameOfFifteen";
			};
			name = Debug;
		};
		0AD747BD299A76A200E92FD4 /* Release */ = {
			isa = XCBuildConfiguration;
			buildSettings = {
				ALWAYS_EMBED_SWIFT_STANDARD_LIBRARIES = YES;
				BUNDLE_LOADER = "$(TEST_HOST)";
				CLANG_ENABLE_MODULES = YES;
				CODE_SIGN_STYLE = Automatic;
				CURRENT_PROJECT_VERSION = 1;
				GENERATE_INFOPLIST_FILE = YES;
				IPHONEOS_DEPLOYMENT_TARGET = 16.1;
				LD_RUNPATH_SEARCH_PATHS = (
					"$(inherited)",
					"@executable_path/Frameworks",
					"@loader_path/Frameworks",
				);
				MARKETING_VERSION = 1.0;
				PRODUCT_BUNDLE_IDENTIFIER = Dmitry.GameOfFifteenTests;
				PRODUCT_NAME = "$(TARGET_NAME)";
				SWIFT_EMIT_LOC_STRINGS = NO;
				SWIFT_VERSION = 5.0;
				TARGETED_DEVICE_FAMILY = "1,2";
				TEST_HOST = "$(BUILT_PRODUCTS_DIR)/GameOfFifteen.app/$(BUNDLE_EXECUTABLE_FOLDER_PATH)/GameOfFifteen";
			};
			name = Release;
		};
/* End XCBuildConfiguration section */

/* Begin XCConfigurationList section */
		0AD7478F299A76A000E92FD4 /* Build configuration list for PBXProject "GameOfFifteen" */ = {
			isa = XCConfigurationList;
			buildConfigurations = (
				0AD747B6299A76A200E92FD4 /* Debug */,
				0AD747B7299A76A200E92FD4 /* Release */,
			);
			defaultConfigurationIsVisible = 0;
			defaultConfigurationName = Release;
		};
		0AD747B8299A76A200E92FD4 /* Build configuration list for PBXNativeTarget "GameOfFifteen" */ = {
			isa = XCConfigurationList;
			buildConfigurations = (
				0AD747B9299A76A200E92FD4 /* Debug */,
				0AD747BA299A76A200E92FD4 /* Release */,
			);
			defaultConfigurationIsVisible = 0;
			defaultConfigurationName = Release;
		};
		0AD747BB299A76A200E92FD4 /* Build configuration list for PBXNativeTarget "GameOfFifteenTests" */ = {
			isa = XCConfigurationList;
			buildConfigurations = (
				0AD747BC299A76A200E92FD4 /* Debug */,
				0AD747BD299A76A200E92FD4 /* Release */,
			);
			defaultConfigurationIsVisible = 0;
			defaultConfigurationName = Release;
		};
/* End XCConfigurationList section */
	};
	rootObject = 0AD7478C299A76A000E92FD4 /* Project object */;
}
